
Microsoft Visual Studio Solution File, Format Version 12.00
# Visual Studio Version 17
VisualStudioVersion = 17.13.36105.23 d17.13
MinimumVisualStudioVersion = 10.0.40219.1
Project("{FAE04EC0-301F-11D3-BF4B-00C04F79EFBC}") = "ITTP_2025_C#", "ITTP_2025_C#\ITTP_2025_C#.csproj", "{40BB4F0B-3DA6-4A1D-9517-CBBB73D20C5B}"
EndProject
Global
	GlobalSection(SolutionConfigurationPlatforms) = preSolution
		Debug|Any CPU = Debug|Any CPU
		Release|Any CPU = Release|Any CPU
	EndGlobalSection
	GlobalSection(ProjectConfigurationPlatforms) = postSolution
		{40BB4F0B-3DA6-4A1D-9517-CBBB73D20C5B}.Debug|Any CPU.ActiveCfg = Debug|Any CPU
		{40BB4F0B-3DA6-4A1D-9517-CBBB73D20C5B}.Debug|Any CPU.Build.0 = Debug|Any CPU
		{40BB4F0B-3DA6-4A1D-9517-CBBB73D20C5B}.Release|Any CPU.ActiveCfg = Release|Any CPU
		{40BB4F0B-3DA6-4A1D-9517-CBBB73D20C5B}.Release|Any CPU.Build.0 = Release|Any CPU
	EndGlobalSection
	GlobalSection(SolutionProperties) = preSolution
		HideSolutionNode = FALSE
	EndGlobalSection
	GlobalSection(ExtensibilityGlobals) = postSolution
		SolutionGuid = {E98F972E-972D-4ED5-AD5A-4B44D1BB767E}
	EndGlobalSection
EndGlobal
